
Microsoft Visual Studio Solution File, Format Version 12.00
# Visual Studio 15
VisualStudioVersion = 15.0.27428.2015
MinimumVisualStudioVersion = 10.0.40219.1
Project("{FAE04EC0-301F-11D3-BF4B-00C04F79EFBC}") = "ArdunoPCHardwareMonitor", "ArdunoPCHardwareMonitor\ArdunoPCHardwareMonitor.csproj", "{E30D5D4E-AE4C-49CA-AD32-4E2B3A4A5E2B}"
EndProject
Global
	GlobalSection(SolutionConfigurationPlatforms) = preSolution
		Debug|Any CPU = Debug|Any CPU
		Release|Any CPU = Release|Any CPU
	EndGlobalSection
	GlobalSection(ProjectConfigurationPlatforms) = postSolution
		{E30D5D4E-AE4C-49CA-AD32-4E2B3A4A5E2B}.Debug|Any CPU.ActiveCfg = Debug|Any CPU
		{E30D5D4E-AE4C-49CA-AD32-4E2B3A4A5E2B}.Debug|Any CPU.Build.0 = Debug|Any CPU
		{E30D5D4E-AE4C-49CA-AD32-4E2B3A4A5E2B}.Release|Any CPU.ActiveCfg = Release|Any CPU
		{E30D5D4E-AE4C-49CA-AD32-4E2B3A4A5E2B}.Release|Any CPU.Build.0 = Release|Any CPU
	EndGlobalSection
	GlobalSection(SolutionProperties) = preSolution
		HideSolutionNode = FALSE
	EndGlobalSection
	GlobalSection(ExtensibilityGlobals) = postSolution
		SolutionGuid = {3DCB5549-E507-4A02-92EC-CE16A9F2920B}
	EndGlobalSection
EndGlobal
